// !$*UTF8*$!
{
	archiveVersion = 1;
	classes = {
	};
	objectVersion = 46;
	objects = {

/* Begin PBXBuildFile section */
		26B4B7508D04FA978F708D37 /* Pods_Bc2Ride.framework in Frameworks */ = {isa = PBXBuildFile; fileRef = C6DB33C930B0A255EC6AD62D /* Pods_Bc2Ride.framework */; };
		BE4E82411D8C831C00544622 /* Bolts.framework in Frameworks */ = {isa = PBXBuildFile; fileRef = BE4E823F1D8C831C00544622 /* Bolts.framework */; };
		BE4E82421D8C831C00544622 /* Parse.framework in Frameworks */ = {isa = PBXBuildFile; fileRef = BE4E82401D8C831C00544622 /* Parse.framework */; };
		BE669C691D8C80B000BB8300 /* Bc2Ride.xcworkspace in Resources */ = {isa = PBXBuildFile; fileRef = BE669C681D8C80B000BB8300 /* Bc2Ride.xcworkspace */; };
		BE68A26B1D8384E5006F6F64 /* CustomCell.swift in Sources */ = {isa = PBXBuildFile; fileRef = BE68A2691D8384E5006F6F64 /* CustomCell.swift */; };
		BE68A26C1D8384E5006F6F64 /* CustomCell.xib in Resources */ = {isa = PBXBuildFile; fileRef = BE68A26A1D8384E5006F6F64 /* CustomCell.xib */; };
		BE68A27C1D872107006F6F64 /* SCViewController.swift in Sources */ = {isa = PBXBuildFile; fileRef = BE68A27B1D872107006F6F64 /* SCViewController.swift */; };
		BE68A27E1D872116006F6F64 /* GRViewController.swift in Sources */ = {isa = PBXBuildFile; fileRef = BE68A27D1D872116006F6F64 /* GRViewController.swift */; };
		BE68A2801D872BAE006F6F64 /* EIViewController.swift in Sources */ = {isa = PBXBuildFile; fileRef = BE68A27F1D872BAE006F6F64 /* EIViewController.swift */; };
		BE7B191C1D81D70B00A0F2B6 /* AppDelegate.swift in Sources */ = {isa = PBXBuildFile; fileRef = BE7B191B1D81D70B00A0F2B6 /* AppDelegate.swift */; };
		BE7B191E1D81D70B00A0F2B6 /* ViewController.swift in Sources */ = {isa = PBXBuildFile; fileRef = BE7B191D1D81D70B00A0F2B6 /* ViewController.swift */; };
		BE7B19231D81D70B00A0F2B6 /* Assets.xcassets in Resources */ = {isa = PBXBuildFile; fileRef = BE7B19221D81D70B00A0F2B6 /* Assets.xcassets */; };
		BE7B19261D81D70B00A0F2B6 /* LaunchScreen.storyboard in Resources */ = {isa = PBXBuildFile; fileRef = BE7B19241D81D70B00A0F2B6 /* LaunchScreen.storyboard */; };
		BE7B19301D81E0FC00A0F2B6 /* FEViewController.swift in Sources */ = {isa = PBXBuildFile; fileRef = BE7B192F1D81E0FC00A0F2B6 /* FEViewController.swift */; };
		BE7B19321D81E26D00A0F2B6 /* CEViewController.swift in Sources */ = {isa = PBXBuildFile; fileRef = BE7B19311D81E26D00A0F2B6 /* CEViewController.swift */; };
		BE7B19341D821F8E00A0F2B6 /* SEViewController.swift in Sources */ = {isa = PBXBuildFile; fileRef = BE7B19331D821F8E00A0F2B6 /* SEViewController.swift */; };
		BE94A0AE1D8BB8470039CCA5 /* CustomCell3.swift in Sources */ = {isa = PBXBuildFile; fileRef = BE94A0AC1D8BB8470039CCA5 /* CustomCell3.swift */; };
		BE94A0AF1D8BB8470039CCA5 /* CustomCell3.xib in Resources */ = {isa = PBXBuildFile; fileRef = BE94A0AD1D8BB8470039CCA5 /* CustomCell3.xib */; };
		BE94A0B21D8BC89D0039CCA5 /* CustomCell2.swift in Sources */ = {isa = PBXBuildFile; fileRef = BE94A0B01D8BC89D0039CCA5 /* CustomCell2.swift */; };
		BE94A0B31D8BC89D0039CCA5 /* CustomCell2.xib in Resources */ = {isa = PBXBuildFile; fileRef = BE94A0B11D8BC89D0039CCA5 /* CustomCell2.xib */; };
		BEA4A99D1D8A6A690091D82D /* SSViewController.swift in Sources */ = {isa = PBXBuildFile; fileRef = BEA4A99C1D8A6A690091D82D /* SSViewController.swift */; };
		BEBA7DB11D87864B0012A7BA /* Main.storyboard in Resources */ = {isa = PBXBuildFile; fileRef = BEBA7DAF1D87864B0012A7BA /* Main.storyboard */; };
/* End PBXBuildFile section */

/* Begin PBXFileReference section */
		76B77255493D14238560842B /* Pods-Bc2Ride.release.xcconfig */ = {isa = PBXFileReference; includeInIndex = 1; lastKnownFileType = text.xcconfig; name = "Pods-Bc2Ride.release.xcconfig"; path = "Pods/Target Support Files/Pods-Bc2Ride/Pods-Bc2Ride.release.xcconfig"; sourceTree = "<group>"; };
		B7A12B992DB2483206AD2D4A /* Pods-Bc2Ride.debug.xcconfig */ = {isa = PBXFileReference; includeInIndex = 1; lastKnownFileType = text.xcconfig; name = "Pods-Bc2Ride.debug.xcconfig"; path = "Pods/Target Support Files/Pods-Bc2Ride/Pods-Bc2Ride.debug.xcconfig"; sourceTree = "<group>"; };
		BE4E823F1D8C831C00544622 /* Bolts.framework */ = {isa = PBXFileReference; lastKnownFileType = wrapper.framework; name = Bolts.framework; path = "../../Library/Developer/Xcode/DerivedData/Bc2Ride-gkrvxvbhouemikcehlayilwgtscc/Build/Products/Debug-iphonesimulator/Bolts/Bolts.framework"; sourceTree = "<group>"; };
		BE4E82401D8C831C00544622 /* Parse.framework */ = {isa = PBXFileReference; lastKnownFileType = wrapper.framework; name = Parse.framework; path = "../../Library/Developer/Xcode/DerivedData/Bc2Ride-gkrvxvbhouemikcehlayilwgtscc/Build/Products/Debug-iphonesimulator/Parse/Parse.framework"; sourceTree = "<group>"; };
		BE669C681D8C80B000BB8300 /* Bc2Ride.xcworkspace */ = {isa = PBXFileReference; lastKnownFileType = wrapper.workspace; path = Bc2Ride.xcworkspace; sourceTree = "<group>"; };
		BE68A2691D8384E5006F6F64 /* CustomCell.swift */ = {isa = PBXFileReference; fileEncoding = 4; lastKnownFileType = sourcecode.swift; path = CustomCell.swift; sourceTree = "<group>"; };
		BE68A26A1D8384E5006F6F64 /* CustomCell.xib */ = {isa = PBXFileReference; fileEncoding = 4; lastKnownFileType = file.xib; path = CustomCell.xib; sourceTree = "<group>"; };
		BE68A27B1D872107006F6F64 /* SCViewController.swift */ = {isa = PBXFileReference; fileEncoding = 4; lastKnownFileType = sourcecode.swift; path = SCViewController.swift; sourceTree = "<group>"; };
		BE68A27D1D872116006F6F64 /* GRViewController.swift */ = {isa = PBXFileReference; fileEncoding = 4; lastKnownFileType = sourcecode.swift; path = GRViewController.swift; sourceTree = "<group>"; };
		BE68A27F1D872BAE006F6F64 /* EIViewController.swift */ = {isa = PBXFileReference; fileEncoding = 4; lastKnownFileType = sourcecode.swift; path = EIViewController.swift; sourceTree = "<group>"; };
		BE7B19181D81D70B00A0F2B6 /* Bc2Ride.app */ = {isa = PBXFileReference; explicitFileType = wrapper.application; includeInIndex = 0; path = Bc2Ride.app; sourceTree = BUILT_PRODUCTS_DIR; };
		BE7B191B1D81D70B00A0F2B6 /* AppDelegate.swift */ = {isa = PBXFileReference; lastKnownFileType = sourcecode.swift; path = AppDelegate.swift; sourceTree = "<group>"; };
		BE7B191D1D81D70B00A0F2B6 /* ViewController.swift */ = {isa = PBXFileReference; lastKnownFileType = sourcecode.swift; path = ViewController.swift; sourceTree = "<group>"; };
		BE7B19221D81D70B00A0F2B6 /* Assets.xcassets */ = {isa = PBXFileReference; lastKnownFileType = folder.assetcatalog; name = Assets.xcassets; path = Bc2Ride/Assets.xcassets; sourceTree = "<group>"; };
		BE7B19251D81D70B00A0F2B6 /* Base */ = {isa = PBXFileReference; lastKnownFileType = file.storyboard; name = Base; path = Base.lproj/LaunchScreen.storyboard; sourceTree = "<group>"; };
		BE7B19271D81D70B00A0F2B6 /* Info.plist */ = {isa = PBXFileReference; lastKnownFileType = text.plist.xml; name = Info.plist; path = Bc2Ride/Info.plist; sourceTree = "<group>"; };
		BE7B192F1D81E0FC00A0F2B6 /* FEViewController.swift */ = {isa = PBXFileReference; fileEncoding = 4; lastKnownFileType = sourcecode.swift; path = FEViewController.swift; sourceTree = "<group>"; };
		BE7B19311D81E26D00A0F2B6 /* CEViewController.swift */ = {isa = PBXFileReference; fileEncoding = 4; lastKnownFileType = sourcecode.swift; path = CEViewController.swift; sourceTree = "<group>"; };
		BE7B19331D821F8E00A0F2B6 /* SEViewController.swift */ = {isa = PBXFileReference; fileEncoding = 4; lastKnownFileType = sourcecode.swift; path = SEViewController.swift; sourceTree = "<group>"; };
		BE94A0AC1D8BB8470039CCA5 /* CustomCell3.swift */ = {isa = PBXFileReference; fileEncoding = 4; lastKnownFileType = sourcecode.swift; path = CustomCell3.swift; sourceTree = "<group>"; };
		BE94A0AD1D8BB8470039CCA5 /* CustomCell3.xib */ = {isa = PBXFileReference; fileEncoding = 4; lastKnownFileType = file.xib; path = CustomCell3.xib; sourceTree = "<group>"; };
		BE94A0B01D8BC89D0039CCA5 /* CustomCell2.swift */ = {isa = PBXFileReference; fileEncoding = 4; lastKnownFileType = sourcecode.swift; path = CustomCell2.swift; sourceTree = "<group>"; };
		BE94A0B11D8BC89D0039CCA5 /* CustomCell2.xib */ = {isa = PBXFileReference; fileEncoding = 4; lastKnownFileType = file.xib; path = CustomCell2.xib; sourceTree = "<group>"; };
		BEA4A9961D89FBEF0091D82D /* KYCircularProgress.framework */ = {isa = PBXFileReference; lastKnownFileType = wrapper.framework; name = KYCircularProgress.framework; path = "../../Library/Developer/Xcode/DerivedData/Bc2Ride-gkrvxvbhouemikcehlayilwgtscc/Build/Products/Debug-iphonesimulator/KYCircularProgress/KYCircularProgress.framework"; sourceTree = "<group>"; };
		BEA4A9981D89FC350091D82D /* Bolts.framework */ = {isa = PBXFileReference; lastKnownFileType = wrapper.framework; name = Bolts.framework; path = "Pods/../build/Debug-iphoneos/Bolts/Bolts.framework"; sourceTree = "<group>"; };
		BEA4A9991D89FC350091D82D /* Parse.framework */ = {isa = PBXFileReference; lastKnownFileType = wrapper.framework; name = Parse.framework; path = "Pods/../build/Debug-iphoneos/Parse/Parse.framework"; sourceTree = "<group>"; };
		BEA4A99C1D8A6A690091D82D /* SSViewController.swift */ = {isa = PBXFileReference; fileEncoding = 4; lastKnownFileType = sourcecode.swift; path = SSViewController.swift; sourceTree = "<group>"; };
		BEBA7DB01D87864B0012A7BA /* Base */ = {isa = PBXFileReference; lastKnownFileType = file.storyboard; name = Base; path = Base.lproj/Main.storyboard; sourceTree = "<group>"; };
		BECE26951D89F9F30040E061 /* SwiftyJSON.framework */ = {isa = PBXFileReference; lastKnownFileType = wrapper.framework; name = SwiftyJSON.framework; path = "../../Library/Developer/Xcode/DerivedData/Bc2Ride-gkrvxvbhouemikcehlayilwgtscc/Build/Products/Debug-iphonesimulator/SwiftyJSON/SwiftyJSON.framework"; sourceTree = "<group>"; };
		C6DB33C930B0A255EC6AD62D /* Pods_Bc2Ride.framework */ = {isa = PBXFileReference; explicitFileType = wrapper.framework; includeInIndex = 0; path = Pods_Bc2Ride.framework; sourceTree = BUILT_PRODUCTS_DIR; };
/* End PBXFileReference section */

/* Begin PBXFrameworksBuildPhase section */
		BE7B19151D81D70B00A0F2B6 /* Frameworks */ = {
			isa = PBXFrameworksBuildPhase;
			buildActionMask = 2147483647;
			files = (
				BE4E82411D8C831C00544622 /* Bolts.framework in Frameworks */,
				BE4E82421D8C831C00544622 /* Parse.framework in Frameworks */,
				26B4B7508D04FA978F708D37 /* Pods_Bc2Ride.framework in Frameworks */,
			);
			runOnlyForDeploymentPostprocessing = 0;
		};
/* End PBXFrameworksBuildPhase section */

/* Begin PBXGroup section */
		95B7AF385CF97786BE145538 /* Pods */ = {
			isa = PBXGroup;
			children = (
				B7A12B992DB2483206AD2D4A /* Pods-Bc2Ride.debug.xcconfig */,
				76B77255493D14238560842B /* Pods-Bc2Ride.release.xcconfig */,
			);
			name = Pods;
			sourceTree = "<group>";
		};
		BE0BA0E31D89D85B009BE588 /* Frameworks */ = {
			isa = PBXGroup;
			children = (
				BE4E823F1D8C831C00544622 /* Bolts.framework */,
				BE4E82401D8C831C00544622 /* Parse.framework */,
				BEA4A9981D89FC350091D82D /* Bolts.framework */,
				BEA4A9991D89FC350091D82D /* Parse.framework */,
				BEA4A9961D89FBEF0091D82D /* KYCircularProgress.framework */,
				BECE26951D89F9F30040E061 /* SwiftyJSON.framework */,
				C6DB33C930B0A255EC6AD62D /* Pods_Bc2Ride.framework */,
			);
			name = Frameworks;
			sourceTree = "<group>";
		};
		BE0BA0F81D89DA16009BE588 /* Resources */ = {
			isa = PBXGroup;
			children = (
				BE7B19221D81D70B00A0F2B6 /* Assets.xcassets */,
				BEBA7DAF1D87864B0012A7BA /* Main.storyboard */,
				BE669C681D8C80B000BB8300 /* Bc2Ride.xcworkspace */,
				BE7B19241D81D70B00A0F2B6 /* LaunchScreen.storyboard */,
				BE7B19271D81D70B00A0F2B6 /* Info.plist */,
			);
			name = Resources;
			sourceTree = "<group>";
		};
		BE7B190F1D81D70B00A0F2B6 = {
			isa = PBXGroup;
			children = (
				BE7B191A1D81D70B00A0F2B6 /* Bc2Ride */,
				BE0BA0F81D89DA16009BE588 /* Resources */,
				BE0BA0E31D89D85B009BE588 /* Frameworks */,
				BE7B19191D81D70B00A0F2B6 /* Products */,
				95B7AF385CF97786BE145538 /* Pods */,
			);
			sourceTree = "<group>";
		};
		BE7B19191D81D70B00A0F2B6 /* Products */ = {
			isa = PBXGroup;
			children = (
				BE7B19181D81D70B00A0F2B6 /* Bc2Ride.app */,
			);
			name = Products;
			sourceTree = "<group>";
		};
		BE7B191A1D81D70B00A0F2B6 /* Bc2Ride */ = {
			isa = PBXGroup;
			children = (
				BE7B191B1D81D70B00A0F2B6 /* AppDelegate.swift */,
				BE7B191D1D81D70B00A0F2B6 /* ViewController.swift */,
				BE7B192F1D81E0FC00A0F2B6 /* FEViewController.swift */,
				BE7B19311D81E26D00A0F2B6 /* CEViewController.swift */,
				BE7B19331D821F8E00A0F2B6 /* SEViewController.swift */,
				BE68A27B1D872107006F6F64 /* SCViewController.swift */,
				BE68A27D1D872116006F6F64 /* GRViewController.swift */,
				BE68A27F1D872BAE006F6F64 /* EIViewController.swift */,
				BEA4A99C1D8A6A690091D82D /* SSViewController.swift */,
				BE68A2691D8384E5006F6F64 /* CustomCell.swift */,
				BE68A26A1D8384E5006F6F64 /* CustomCell.xib */,
				BE94A0B01D8BC89D0039CCA5 /* CustomCell2.swift */,
				BE94A0B11D8BC89D0039CCA5 /* CustomCell2.xib */,
				BE94A0AC1D8BB8470039CCA5 /* CustomCell3.swift */,
				BE94A0AD1D8BB8470039CCA5 /* CustomCell3.xib */,
			);
			path = Bc2Ride;
			sourceTree = "<group>";
		};
/* End PBXGroup section */

/* Begin PBXNativeTarget section */
		BE7B19171D81D70B00A0F2B6 /* Bc2Ride */ = {
			isa = PBXNativeTarget;
			buildConfigurationList = BE7B192A1D81D70B00A0F2B6 /* Build configuration list for PBXNativeTarget "Bc2Ride" */;
			buildPhases = (
				F3B13362DE1BB302ADB3ADBE /* [CP] Check Pods Manifest.lock */,
				BE7B19141D81D70B00A0F2B6 /* Sources */,
				BE7B19151D81D70B00A0F2B6 /* Frameworks */,
				BE7B19161D81D70B00A0F2B6 /* Resources */,
				BCAA2E0EE5CD0751C4E397BA /* [CP] Embed Pods Frameworks */,
				922F7952608A4101DF205F25 /* [CP] Copy Pods Resources */,
			);
			buildRules = (
			);
			dependencies = (
			);
			name = Bc2Ride;
			productName = Bc2Ride;
			productReference = BE7B19181D81D70B00A0F2B6 /* Bc2Ride.app */;
			productType = "com.apple.product-type.application";
		};
/* End PBXNativeTarget section */

/* Begin PBXProject section */
		BE7B19101D81D70B00A0F2B6 /* Project object */ = {
			isa = PBXProject;
			attributes = {
				LastSwiftUpdateCheck = 0730;
				LastUpgradeCheck = 0730;
				ORGANIZATIONNAME = jinxingwang;
				TargetAttributes = {
					BE7B19171D81D70B00A0F2B6 = {
						CreatedOnToolsVersion = 7.3.1;
						DevelopmentTeam = CNAQTKE8DL;
					};
				};
			};
			buildConfigurationList = BE7B19131D81D70B00A0F2B6 /* Build configuration list for PBXProject "Bc2Ride" */;
			compatibilityVersion = "Xcode 3.2";
			developmentRegion = English;
			hasScannedForEncodings = 0;
			knownRegions = (
				en,
				Base,
			);
			mainGroup = BE7B190F1D81D70B00A0F2B6;
			productRefGroup = BE7B19191D81D70B00A0F2B6 /* Products */;
			projectDirPath = "";
			projectRoot = "";
			targets = (
				BE7B19171D81D70B00A0F2B6 /* Bc2Ride */,
			);
		};
/* End PBXProject section */

/* Begin PBXResourcesBuildPhase section */
		BE7B19161D81D70B00A0F2B6 /* Resources */ = {
			isa = PBXResourcesBuildPhase;
			buildActionMask = 2147483647;
			files = (
				BE94A0B31D8BC89D0039CCA5 /* CustomCell2.xib in Resources */,
				BE94A0AF1D8BB8470039CCA5 /* CustomCell3.xib in Resources */,
				BE7B19261D81D70B00A0F2B6 /* LaunchScreen.storyboard in Resources */,
				BEBA7DB11D87864B0012A7BA /* Main.storyboard in Resources */,
				BE669C691D8C80B000BB8300 /* Bc2Ride.xcworkspace in Resources */,
				BE7B19231D81D70B00A0F2B6 /* Assets.xcassets in Resources */,
				BE68A26C1D8384E5006F6F64 /* CustomCell.xib in Resources */,
			);
			runOnlyForDeploymentPostprocessing = 0;
		};
/* End PBXResourcesBuildPhase section */

/* Begin PBXShellScriptBuildPhase section */
		922F7952608A4101DF205F25 /* [CP] Copy Pods Resources */ = {
			isa = PBXShellScriptBuildPhase;
			buildActionMask = 2147483647;
			files = (
			);
			inputPaths = (
			);
			name = "[CP] Copy Pods Resources";
			outputPaths = (
			);
			runOnlyForDeploymentPostprocessing = 0;
			shellPath = /bin/sh;
			shellScript = "\"${SRCROOT}/Pods/Target Support Files/Pods-Bc2Ride/Pods-Bc2Ride-resources.sh\"\n";
			showEnvVarsInLog = 0;
		};
		BCAA2E0EE5CD0751C4E397BA /* [CP] Embed Pods Frameworks */ = {
			isa = PBXShellScriptBuildPhase;
			buildActionMask = 2147483647;
			files = (
			);
			inputPaths = (
			);
			name = "[CP] Embed Pods Frameworks";
			outputPaths = (
			);
			runOnlyForDeploymentPostprocessing = 0;
			shellPath = /bin/sh;
			shellScript = "\"${SRCROOT}/Pods/Target Support Files/Pods-Bc2Ride/Pods-Bc2Ride-frameworks.sh\"\n";
			showEnvVarsInLog = 0;
		};
		F3B13362DE1BB302ADB3ADBE /* [CP] Check Pods Manifest.lock */ = {
			isa = PBXShellScriptBuildPhase;
			buildActionMask = 2147483647;
			files = (
			);
			inputPaths = (
			);
			name = "[CP] Check Pods Manifest.lock";
			outputPaths = (
			);
			runOnlyForDeploymentPostprocessing = 0;
			shellPath = /bin/sh;
			shellScript = "diff \"${PODS_ROOT}/../Podfile.lock\" \"${PODS_ROOT}/Manifest.lock\" > /dev/null\nif [[ $? != 0 ]] ; then\n    cat << EOM\nerror: The sandbox is not in sync with the Podfile.lock. Run 'pod install' or update your CocoaPods installation.\nEOM\n    exit 1\nfi\n";
			showEnvVarsInLog = 0;
		};
/* End PBXShellScriptBuildPhase section */

/* Begin PBXSourcesBuildPhase section */
		BE7B19141D81D70B00A0F2B6 /* Sources */ = {
			isa = PBXSourcesBuildPhase;
			buildActionMask = 2147483647;
			files = (
				BE7B19321D81E26D00A0F2B6 /* CEViewController.swift in Sources */,
				BE7B191E1D81D70B00A0F2B6 /* ViewController.swift in Sources */,
				BE68A2801D872BAE006F6F64 /* EIViewController.swift in Sources */,
				BE7B19341D821F8E00A0F2B6 /* SEViewController.swift in Sources */,
				BE94A0B21D8BC89D0039CCA5 /* CustomCell2.swift in Sources */,
				BEA4A99D1D8A6A690091D82D /* SSViewController.swift in Sources */,
				BE94A0AE1D8BB8470039CCA5 /* CustomCell3.swift in Sources */,
				BE7B19301D81E0FC00A0F2B6 /* FEViewController.swift in Sources */,
				BE68A26B1D8384E5006F6F64 /* CustomCell.swift in Sources */,
				BE68A27E1D872116006F6F64 /* GRViewController.swift in Sources */,
				BE68A27C1D872107006F6F64 /* SCViewController.swift in Sources */,
				BE7B191C1D81D70B00A0F2B6 /* AppDelegate.swift in Sources */,
			);
			runOnlyForDeploymentPostprocessing = 0;
		};
/* End PBXSourcesBuildPhase section */

/* Begin PBXVariantGroup section */
		BE7B19241D81D70B00A0F2B6 /* LaunchScreen.storyboard */ = {
			isa = PBXVariantGroup;
			children = (
				BE7B19251D81D70B00A0F2B6 /* Base */,
			);
			name = LaunchScreen.storyboard;
			path = Bc2Ride;
			sourceTree = "<group>";
		};
		BEBA7DAF1D87864B0012A7BA /* Main.storyboard */ = {
			isa = PBXVariantGroup;
			children = (
				BEBA7DB01D87864B0012A7BA /* Base */,
			);
			name = Main.storyboard;
			path = Bc2Ride;
			sourceTree = "<group>";
		};
/* End PBXVariantGroup section */

/* Begin XCBuildConfiguration section */
		BE7B19281D81D70B00A0F2B6 /* Debug */ = {
			isa = XCBuildConfiguration;
			buildSettings = {
				ALWAYS_SEARCH_USER_PATHS = NO;
				CLANG_ANALYZER_NONNULL = YES;
				CLANG_CXX_LANGUAGE_STANDARD = "gnu++0x";
				CLANG_CXX_LIBRARY = "libc++";
				CLANG_ENABLE_MODULES = YES;
				CLANG_ENABLE_OBJC_ARC = YES;
				CLANG_WARN_BOOL_CONVERSION = YES;
				CLANG_WARN_CONSTANT_CONVERSION = YES;
				CLANG_WARN_DIRECT_OBJC_ISA_USAGE = YES_ERROR;
				CLANG_WARN_EMPTY_BODY = YES;
				CLANG_WARN_ENUM_CONVERSION = YES;
				CLANG_WARN_INT_CONVERSION = YES;
				CLANG_WARN_OBJC_ROOT_CLASS = YES_ERROR;
				CLANG_WARN_UNREACHABLE_CODE = YES;
				CLANG_WARN__DUPLICATE_METHOD_MATCH = YES;
				"CODE_SIGN_IDENTITY[sdk=iphoneos*]" = "iPhone Developer";
				COPY_PHASE_STRIP = NO;
				DEBUG_INFORMATION_FORMAT = dwarf;
				ENABLE_STRICT_OBJC_MSGSEND = YES;
				ENABLE_TESTABILITY = YES;
				GCC_C_LANGUAGE_STANDARD = gnu99;
				GCC_DYNAMIC_NO_PIC = NO;
				GCC_NO_COMMON_BLOCKS = YES;
				GCC_OPTIMIZATION_LEVEL = 0;
				GCC_PREPROCESSOR_DEFINITIONS = (
					"DEBUG=1",
					"$(inherited)",
				);
				GCC_WARN_64_TO_32_BIT_CONVERSION = YES;
				GCC_WARN_ABOUT_RETURN_TYPE = YES_ERROR;
				GCC_WARN_UNDECLARED_SELECTOR = YES;
				GCC_WARN_UNINITIALIZED_AUTOS = YES_AGGRESSIVE;
				GCC_WARN_UNUSED_FUNCTION = YES;
				GCC_WARN_UNUSED_VARIABLE = YES;
				IPHONEOS_DEPLOYMENT_TARGET = 9.3;
				MTL_ENABLE_DEBUG_INFO = YES;
				ONLY_ACTIVE_ARCH = YES;
				SDKROOT = iphoneos;
				SWIFT_OPTIMIZATION_LEVEL = "-Onone";
				TARGETED_DEVICE_FAMILY = "1,2";
			};
			name = Debug;
		};
		BE7B19291D81D70B00A0F2B6 /* Release */ = {
			isa = XCBuildConfiguration;
			buildSettings = {
				ALWAYS_SEARCH_USER_PATHS = NO;
				CLANG_ANALYZER_NONNULL = YES;
				CLANG_CXX_LANGUAGE_STANDARD = "gnu++0x";
				CLANG_CXX_LIBRARY = "libc++";
				CLANG_ENABLE_MODULES = YES;
				CLANG_ENABLE_OBJC_ARC = YES;
				CLANG_WARN_BOOL_CONVERSION = YES;
				CLANG_WARN_CONSTANT_CONVERSION = YES;
				CLANG_WARN_DIRECT_OBJC_ISA_USAGE = YES_ERROR;
				CLANG_WARN_EMPTY_BODY = YES;
				CLANG_WARN_ENUM_CONVERSION = YES;
				CLANG_WARN_INT_CONVERSION = YES;
				CLANG_WARN_OBJC_ROOT_CLASS = YES_ERROR;
				CLANG_WARN_UNREACHABLE_CODE = YES;
				CLANG_WARN__DUPLICATE_METHOD_MATCH = YES;
				"CODE_SIGN_IDENTITY[sdk=iphoneos*]" = "iPhone Developer";
				COPY_PHASE_STRIP = NO;
				DEBUG_INFORMATION_FORMAT = "dwarf-with-dsym";
				ENABLE_NS_ASSERTIONS = NO;
				ENABLE_STRICT_OBJC_MSGSEND = YES;
				GCC_C_LANGUAGE_STANDARD = gnu99;
				GCC_NO_COMMON_BLOCKS = YES;
				GCC_WARN_64_TO_32_BIT_CONVERSION = YES;
				GCC_WARN_ABOUT_RETURN_TYPE = YES_ERROR;
				GCC_WARN_UNDECLARED_SELECTOR = YES;
				GCC_WARN_UNINITIALIZED_AUTOS = YES_AGGRESSIVE;
				GCC_WARN_UNUSED_FUNCTION = YES;
				GCC_WARN_UNUSED_VARIABLE = YES;
				IPHONEOS_DEPLOYMENT_TARGET = 9.3;
				MTL_ENABLE_DEBUG_INFO = NO;
				SDKROOT = iphoneos;
				TARGETED_DEVICE_FAMILY = "1,2";
				VALIDATE_PRODUCT = YES;
			};
			name = Release;
		};
		BE7B192B1D81D70B00A0F2B6 /* Debug */ = {
			isa = XCBuildConfiguration;
			baseConfigurationReference = B7A12B992DB2483206AD2D4A /* Pods-Bc2Ride.debug.xcconfig */;
			buildSettings = {
				ASSETCATALOG_COMPILER_APPICON_NAME = AppIcon;
				CODE_SIGN_IDENTITY = "iPhone Developer";
				"CODE_SIGN_IDENTITY[sdk=iphoneos*]" = "iPhone Developer";
				FRAMEWORK_SEARCH_PATHS = (
					"$(inherited)",
					"$(PROJECT_DIR)/build/Debug-iphoneos/Bolts",
					"$(PROJECT_DIR)/build/Debug-iphoneos/Parse",
				);
				INFOPLIST_FILE = Bc2Ride/Info.plist;
				LD_RUNPATH_SEARCH_PATHS = "$(inherited) @executable_path/Frameworks";
				PRODUCT_BUNDLE_IDENTIFIER = WillWang.Bc2Ride;
				PRODUCT_NAME = "$(TARGET_NAME)";
				PROVISIONING_PROFILE = "";
			};
			name = Debug;
		};
		BE7B192C1D81D70B00A0F2B6 /* Release */ = {
			isa = XCBuildConfiguration;
			baseConfigurationReference = 76B77255493D14238560842B /* Pods-Bc2Ride.release.xcconfig */;
			buildSettings = {
				ASSETCATALOG_COMPILER_APPICON_NAME = AppIcon;
				CODE_SIGN_IDENTITY = "iPhone Developer";
				"CODE_SIGN_IDENTITY[sdk=iphoneos*]" = "iPhone Developer";
				FRAMEWORK_SEARCH_PATHS = (
					"$(inherited)",
					"$(PROJECT_DIR)/build/Debug-iphoneos/Bolts",
					"$(PROJECT_DIR)/build/Debug-iphoneos/Parse",
				);
				INFOPLIST_FILE = Bc2Ride/Info.plist;
				LD_RUNPATH_SEARCH_PATHS = "$(inherited) @executable_path/Frameworks";
				PRODUCT_BUNDLE_IDENTIFIER = WillWang.Bc2Ride;
				PRODUCT_NAME = "$(TARGET_NAME)";
				PROVISIONING_PROFILE = "";
			};
			name = Release;
		};
/* End XCBuildConfiguration section */

/* Begin XCConfigurationList section */
		BE7B19131D81D70B00A0F2B6 /* Build configuration list for PBXProject "Bc2Ride" */ = {
			isa = XCConfigurationList;
			buildConfigurations = (
				BE7B19281D81D70B00A0F2B6 /* Debug */,
				BE7B19291D81D70B00A0F2B6 /* Release */,
			);
			defaultConfigurationIsVisible = 0;
			defaultConfigurationName = Release;
		};
		BE7B192A1D81D70B00A0F2B6 /* Build configuration list for PBXNativeTarget "Bc2Ride" */ = {
			isa = XCConfigurationList;
			buildConfigurations = (
				BE7B192B1D81D70B00A0F2B6 /* Debug */,
				BE7B192C1D81D70B00A0F2B6 /* Release */,
			);
			defaultConfigurationIsVisible = 0;
			defaultConfigurationName = Release;
		};
/* End XCConfigurationList section */
	};
	rootObject = BE7B19101D81D70B00A0F2B6 /* Project object */;
}
