// !$*UTF8*$!
{
	archiveVersion = 1;
	classes = {
	};
	objectVersion = 46;
	objects = {

/* Begin PBXBuildFile section */
		BE68A26B1D8384E5006F6F64 /* CustomCell.swift in Sources */ = {isa = PBXBuildFile; fileRef = BE68A2691D8384E5006F6F64 /* CustomCell.swift */; };
		BE68A26C1D8384E5006F6F64 /* CustomCell.xib in Resources */ = {isa = PBXBuildFile; fileRef = BE68A26A1D8384E5006F6F64 /* CustomCell.xib */; };
		BE68A2771D851314006F6F64 /* CustomCell2.swift in Sources */ = {isa = PBXBuildFile; fileRef = BE68A2751D851314006F6F64 /* CustomCell2.swift */; };
		BE68A2781D851314006F6F64 /* CustomCell2.xib in Resources */ = {isa = PBXBuildFile; fileRef = BE68A2761D851314006F6F64 /* CustomCell2.xib */; };
		BE68A27C1D872107006F6F64 /* SCViewController.swift in Sources */ = {isa = PBXBuildFile; fileRef = BE68A27B1D872107006F6F64 /* SCViewController.swift */; };
		BE68A27E1D872116006F6F64 /* GRViewController.swift in Sources */ = {isa = PBXBuildFile; fileRef = BE68A27D1D872116006F6F64 /* GRViewController.swift */; };
		BE68A2801D872BAE006F6F64 /* EIViewController.swift in Sources */ = {isa = PBXBuildFile; fileRef = BE68A27F1D872BAE006F6F64 /* EIViewController.swift */; };
		BE7B191C1D81D70B00A0F2B6 /* AppDelegate.swift in Sources */ = {isa = PBXBuildFile; fileRef = BE7B191B1D81D70B00A0F2B6 /* AppDelegate.swift */; };
		BE7B191E1D81D70B00A0F2B6 /* ViewController.swift in Sources */ = {isa = PBXBuildFile; fileRef = BE7B191D1D81D70B00A0F2B6 /* ViewController.swift */; };
		BE7B19231D81D70B00A0F2B6 /* Assets.xcassets in Resources */ = {isa = PBXBuildFile; fileRef = BE7B19221D81D70B00A0F2B6 /* Assets.xcassets */; };
		BE7B19261D81D70B00A0F2B6 /* LaunchScreen.storyboard in Resources */ = {isa = PBXBuildFile; fileRef = BE7B19241D81D70B00A0F2B6 /* LaunchScreen.storyboard */; };
		BE7B19301D81E0FC00A0F2B6 /* FEViewController.swift in Sources */ = {isa = PBXBuildFile; fileRef = BE7B192F1D81E0FC00A0F2B6 /* FEViewController.swift */; };
		BE7B19321D81E26D00A0F2B6 /* CEViewController.swift in Sources */ = {isa = PBXBuildFile; fileRef = BE7B19311D81E26D00A0F2B6 /* CEViewController.swift */; };
		BE7B19341D821F8E00A0F2B6 /* SEViewController.swift in Sources */ = {isa = PBXBuildFile; fileRef = BE7B19331D821F8E00A0F2B6 /* SEViewController.swift */; };
		BEBA7DB11D87864B0012A7BA /* Main.storyboard in Resources */ = {isa = PBXBuildFile; fileRef = BEBA7DAF1D87864B0012A7BA /* Main.storyboard */; };
/* End PBXBuildFile section */

/* Begin PBXFileReference section */
		BE68A2691D8384E5006F6F64 /* CustomCell.swift */ = {isa = PBXFileReference; fileEncoding = 4; lastKnownFileType = sourcecode.swift; path = CustomCell.swift; sourceTree = "<group>"; };
		BE68A26A1D8384E5006F6F64 /* CustomCell.xib */ = {isa = PBXFileReference; fileEncoding = 4; lastKnownFileType = file.xib; path = CustomCell.xib; sourceTree = "<group>"; };
		BE68A2751D851314006F6F64 /* CustomCell2.swift */ = {isa = PBXFileReference; fileEncoding = 4; lastKnownFileType = sourcecode.swift; path = CustomCell2.swift; sourceTree = "<group>"; };
		BE68A2761D851314006F6F64 /* CustomCell2.xib */ = {isa = PBXFileReference; fileEncoding = 4; lastKnownFileType = file.xib; path = CustomCell2.xib; sourceTree = "<group>"; };
		BE68A27B1D872107006F6F64 /* SCViewController.swift */ = {isa = PBXFileReference; fileEncoding = 4; lastKnownFileType = sourcecode.swift; path = SCViewController.swift; sourceTree = "<group>"; };
		BE68A27D1D872116006F6F64 /* GRViewController.swift */ = {isa = PBXFileReference; fileEncoding = 4; lastKnownFileType = sourcecode.swift; path = GRViewController.swift; sourceTree = "<group>"; };
		BE68A27F1D872BAE006F6F64 /* EIViewController.swift */ = {isa = PBXFileReference; fileEncoding = 4; lastKnownFileType = sourcecode.swift; path = EIViewController.swift; sourceTree = "<group>"; };
		BE7B19181D81D70B00A0F2B6 /* Bc2Ride.app */ = {isa = PBXFileReference; explicitFileType = wrapper.application; includeInIndex = 0; path = Bc2Ride.app; sourceTree = BUILT_PRODUCTS_DIR; };
		BE7B191B1D81D70B00A0F2B6 /* AppDelegate.swift */ = {isa = PBXFileReference; lastKnownFileType = sourcecode.swift; path = AppDelegate.swift; sourceTree = "<group>"; };
		BE7B191D1D81D70B00A0F2B6 /* ViewController.swift */ = {isa = PBXFileReference; lastKnownFileType = sourcecode.swift; path = ViewController.swift; sourceTree = "<group>"; };
		BE7B19221D81D70B00A0F2B6 /* Assets.xcassets */ = {isa = PBXFileReference; lastKnownFileType = folder.assetcatalog; path = Assets.xcassets; sourceTree = "<group>"; };
		BE7B19251D81D70B00A0F2B6 /* Base */ = {isa = PBXFileReference; lastKnownFileType = file.storyboard; name = Base; path = Base.lproj/LaunchScreen.storyboard; sourceTree = "<group>"; };
		BE7B19271D81D70B00A0F2B6 /* Info.plist */ = {isa = PBXFileReference; lastKnownFileType = text.plist.xml; path = Info.plist; sourceTree = "<group>"; };
		BE7B192F1D81E0FC00A0F2B6 /* FEViewController.swift */ = {isa = PBXFileReference; fileEncoding = 4; lastKnownFileType = sourcecode.swift; path = FEViewController.swift; sourceTree = "<group>"; };
		BE7B19311D81E26D00A0F2B6 /* CEViewController.swift */ = {isa = PBXFileReference; fileEncoding = 4; lastKnownFileType = sourcecode.swift; path = CEViewController.swift; sourceTree = "<group>"; };
		BE7B19331D821F8E00A0F2B6 /* SEViewController.swift */ = {isa = PBXFileReference; fileEncoding = 4; lastKnownFileType = sourcecode.swift; path = SEViewController.swift; sourceTree = "<group>"; };
		BEBA7DB01D87864B0012A7BA /* Base */ = {isa = PBXFileReference; lastKnownFileType = file.storyboard; name = Base; path = Base.lproj/Main.storyboard; sourceTree = "<group>"; };
/* End PBXFileReference section */

/* Begin PBXFrameworksBuildPhase section */
		BE7B19151D81D70B00A0F2B6 /* Frameworks */ = {
			isa = PBXFrameworksBuildPhase;
			buildActionMask = 2147483647;
			files = (
			);
			runOnlyForDeploymentPostprocessing = 0;
		};
/* End PBXFrameworksBuildPhase section */

/* Begin PBXGroup section */
		BE7B190F1D81D70B00A0F2B6 = {
			isa = PBXGroup;
			children = (
				BE7B191A1D81D70B00A0F2B6 /* Bc2Ride */,
				BE7B19191D81D70B00A0F2B6 /* Products */,
			);
			sourceTree = "<group>";
		};
		BE7B19191D81D70B00A0F2B6 /* Products */ = {
			isa = PBXGroup;
			children = (
				BE7B19181D81D70B00A0F2B6 /* Bc2Ride.app */,
			);
			name = Products;
			sourceTree = "<group>";
		};
		BE7B191A1D81D70B00A0F2B6 /* Bc2Ride */ = {
			isa = PBXGroup;
			children = (
				BE7B191B1D81D70B00A0F2B6 /* AppDelegate.swift */,
				BE7B191D1D81D70B00A0F2B6 /* ViewController.swift */,
				BE7B192F1D81E0FC00A0F2B6 /* FEViewController.swift */,
				BE7B19311D81E26D00A0F2B6 /* CEViewController.swift */,
				BE7B19331D821F8E00A0F2B6 /* SEViewController.swift */,
				BE68A27B1D872107006F6F64 /* SCViewController.swift */,
				BE68A27D1D872116006F6F64 /* GRViewController.swift */,
				BE68A27F1D872BAE006F6F64 /* EIViewController.swift */,
				BE7B19221D81D70B00A0F2B6 /* Assets.xcassets */,
				BEBA7DAF1D87864B0012A7BA /* Main.storyboard */,
				BE7B19241D81D70B00A0F2B6 /* LaunchScreen.storyboard */,
				BE7B19271D81D70B00A0F2B6 /* Info.plist */,
				BE68A2691D8384E5006F6F64 /* CustomCell.swift */,
				BE68A26A1D8384E5006F6F64 /* CustomCell.xib */,
				BE68A2751D851314006F6F64 /* CustomCell2.swift */,
				BE68A2761D851314006F6F64 /* CustomCell2.xib */,
			);
			path = Bc2Ride;
			sourceTree = "<group>";
		};
/* End PBXGroup section */

/* Begin PBXNativeTarget section */
		BE7B19171D81D70B00A0F2B6 /* Bc2Ride */ = {
			isa = PBXNativeTarget;
			buildConfigurationList = BE7B192A1D81D70B00A0F2B6 /* Build configuration list for PBXNativeTarget "Bc2Ride" */;
			buildPhases = (
				BE7B19141D81D70B00A0F2B6 /* Sources */,
				BE7B19151D81D70B00A0F2B6 /* Frameworks */,
				BE7B19161D81D70B00A0F2B6 /* Resources */,
			);
			buildRules = (
			);
			dependencies = (
			);
			name = Bc2Ride;
			productName = Bc2Ride;
			productReference = BE7B19181D81D70B00A0F2B6 /* Bc2Ride.app */;
			productType = "com.apple.product-type.application";
		};
/* End PBXNativeTarget section */

/* Begin PBXProject section */
		BE7B19101D81D70B00A0F2B6 /* Project object */ = {
			isa = PBXProject;
			attributes = {
				LastSwiftUpdateCheck = 0730;
				LastUpgradeCheck = 0730;
				ORGANIZATIONNAME = jinxingwang;
				TargetAttributes = {
					BE7B19171D81D70B00A0F2B6 = {
						CreatedOnToolsVersion = 7.3.1;
					};
				};
			};
			buildConfigurationList = BE7B19131D81D70B00A0F2B6 /* Build configuration list for PBXProject "Bc2Ride" */;
			compatibilityVersion = "Xcode 3.2";
			developmentRegion = English;
			hasScannedForEncodings = 0;
			knownRegions = (
				en,
				Base,
			);
			mainGroup = BE7B190F1D81D70B00A0F2B6;
			productRefGroup = BE7B19191D81D70B00A0F2B6 /* Products */;
			projectDirPath = "";
			projectRoot = "";
			targets = (
				BE7B19171D81D70B00A0F2B6 /* Bc2Ride */,
			);
		};
/* End PBXProject section */

/* Begin PBXResourcesBuildPhase section */
		BE7B19161D81D70B00A0F2B6 /* Resources */ = {
			isa = PBXResourcesBuildPhase;
			buildActionMask = 2147483647;
			files = (
				BE7B19261D81D70B00A0F2B6 /* LaunchScreen.storyboard in Resources */,
				BEBA7DB11D87864B0012A7BA /* Main.storyboard in Resources */,
				BE7B19231D81D70B00A0F2B6 /* Assets.xcassets in Resources */,
				BE68A26C1D8384E5006F6F64 /* CustomCell.xib in Resources */,
				BE68A2781D851314006F6F64 /* CustomCell2.xib in Resources */,
			);
			runOnlyForDeploymentPostprocessing = 0;
		};
/* End PBXResourcesBuildPhase section */

/* Begin PBXSourcesBuildPhase section */
		BE7B19141D81D70B00A0F2B6 /* Sources */ = {
			isa = PBXSourcesBuildPhase;
			buildActionMask = 2147483647;
			files = (
				BE7B19321D81E26D00A0F2B6 /* CEViewController.swift in Sources */,
				BE7B191E1D81D70B00A0F2B6 /* ViewController.swift in Sources */,
				BE68A2801D872BAE006F6F64 /* EIViewController.swift in Sources */,
				BE7B19341D821F8E00A0F2B6 /* SEViewController.swift in Sources */,
				BE68A2771D851314006F6F64 /* CustomCell2.swift in Sources */,
				BE7B19301D81E0FC00A0F2B6 /* FEViewController.swift in Sources */,
				BE68A26B1D8384E5006F6F64 /* CustomCell.swift in Sources */,
				BE68A27E1D872116006F6F64 /* GRViewController.swift in Sources */,
				BE68A27C1D872107006F6F64 /* SCViewController.swift in Sources */,
				BE7B191C1D81D70B00A0F2B6 /* AppDelegate.swift in Sources */,
			);
			runOnlyForDeploymentPostprocessing = 0;
		};
/* End PBXSourcesBuildPhase section */

/* Begin PBXVariantGroup section */
		BE7B19241D81D70B00A0F2B6 /* LaunchScreen.storyboard */ = {
			isa = PBXVariantGroup;
			children = (
				BE7B19251D81D70B00A0F2B6 /* Base */,
			);
			name = LaunchScreen.storyboard;
			sourceTree = "<group>";
		};
		BEBA7DAF1D87864B0012A7BA /* Main.storyboard */ = {
			isa = PBXVariantGroup;
			children = (
				BEBA7DB01D87864B0012A7BA /* Base */,
			);
			name = Main.storyboard;
			sourceTree = "<group>";
		};
/* End PBXVariantGroup section */

/* Begin XCBuildConfiguration section */
		BE7B19281D81D70B00A0F2B6 /* Debug */ = {
			isa = XCBuildConfiguration;
			buildSettings = {
				ALWAYS_SEARCH_USER_PATHS = NO;
				CLANG_ANALYZER_NONNULL = YES;
				CLANG_CXX_LANGUAGE_STANDARD = "gnu++0x";
				CLANG_CXX_LIBRARY = "libc++";
				CLANG_ENABLE_MODULES = YES;
				CLANG_ENABLE_OBJC_ARC = YES;
				CLANG_WARN_BOOL_CONVERSION = YES;
				CLANG_WARN_CONSTANT_CONVERSION = YES;
				CLANG_WARN_DIRECT_OBJC_ISA_USAGE = YES_ERROR;
				CLANG_WARN_EMPTY_BODY = YES;
				CLANG_WARN_ENUM_CONVERSION = YES;
				CLANG_WARN_INT_CONVERSION = YES;
				CLANG_WARN_OBJC_ROOT_CLASS = YES_ERROR;
				CLANG_WARN_UNREACHABLE_CODE = YES;
				CLANG_WARN__DUPLICATE_METHOD_MATCH = YES;
				"CODE_SIGN_IDENTITY[sdk=iphoneos*]" = "iPhone Developer";
				COPY_PHASE_STRIP = NO;
				DEBUG_INFORMATION_FORMAT = dwarf;
				ENABLE_STRICT_OBJC_MSGSEND = YES;
				ENABLE_TESTABILITY = YES;
				GCC_C_LANGUAGE_STANDARD = gnu99;
				GCC_DYNAMIC_NO_PIC = NO;
				GCC_NO_COMMON_BLOCKS = YES;
				GCC_OPTIMIZATION_LEVEL = 0;
				GCC_PREPROCESSOR_DEFINITIONS = (
					"DEBUG=1",
					"$(inherited)",
				);
				GCC_WARN_64_TO_32_BIT_CONVERSION = YES;
				GCC_WARN_ABOUT_RETURN_TYPE = YES_ERROR;
				GCC_WARN_UNDECLARED_SELECTOR = YES;
				GCC_WARN_UNINITIALIZED_AUTOS = YES_AGGRESSIVE;
				GCC_WARN_UNUSED_FUNCTION = YES;
				GCC_WARN_UNUSED_VARIABLE = YES;
				IPHONEOS_DEPLOYMENT_TARGET = 9.3;
				MTL_ENABLE_DEBUG_INFO = YES;
				ONLY_ACTIVE_ARCH = YES;
				SDKROOT = iphoneos;
				SWIFT_OPTIMIZATION_LEVEL = "-Onone";
				TARGETED_DEVICE_FAMILY = "1,2";
			};
			name = Debug;
		};
		BE7B19291D81D70B00A0F2B6 /* Release */ = {
			isa = XCBuildConfiguration;
			buildSettings = {
				ALWAYS_SEARCH_USER_PATHS = NO;
				CLANG_ANALYZER_NONNULL = YES;
				CLANG_CXX_LANGUAGE_STANDARD = "gnu++0x";
				CLANG_CXX_LIBRARY = "libc++";
				CLANG_ENABLE_MODULES = YES;
				CLANG_ENABLE_OBJC_ARC = YES;
				CLANG_WARN_BOOL_CONVERSION = YES;
				CLANG_WARN_CONSTANT_CONVERSION = YES;
				CLANG_WARN_DIRECT_OBJC_ISA_USAGE = YES_ERROR;
				CLANG_WARN_EMPTY_BODY = YES;
				CLANG_WARN_ENUM_CONVERSION = YES;
				CLANG_WARN_INT_CONVERSION = YES;
				CLANG_WARN_OBJC_ROOT_CLASS = YES_ERROR;
				CLANG_WARN_UNREACHABLE_CODE = YES;
				CLANG_WARN__DUPLICATE_METHOD_MATCH = YES;
				"CODE_SIGN_IDENTITY[sdk=iphoneos*]" = "iPhone Developer";
				COPY_PHASE_STRIP = NO;
				DEBUG_INFORMATION_FORMAT = "dwarf-with-dsym";
				ENABLE_NS_ASSERTIONS = NO;
				ENABLE_STRICT_OBJC_MSGSEND = YES;
				GCC_C_LANGUAGE_STANDARD = gnu99;
				GCC_NO_COMMON_BLOCKS = YES;
				GCC_WARN_64_TO_32_BIT_CONVERSION = YES;
				GCC_WARN_ABOUT_RETURN_TYPE = YES_ERROR;
				GCC_WARN_UNDECLARED_SELECTOR = YES;
				GCC_WARN_UNINITIALIZED_AUTOS = YES_AGGRESSIVE;
				GCC_WARN_UNUSED_FUNCTION = YES;
				GCC_WARN_UNUSED_VARIABLE = YES;
				IPHONEOS_DEPLOYMENT_TARGET = 9.3;
				MTL_ENABLE_DEBUG_INFO = NO;
				SDKROOT = iphoneos;
				TARGETED_DEVICE_FAMILY = "1,2";
				VALIDATE_PRODUCT = YES;
			};
			name = Release;
		};
		BE7B192B1D81D70B00A0F2B6 /* Debug */ = {
			isa = XCBuildConfiguration;
			buildSettings = {
				ASSETCATALOG_COMPILER_APPICON_NAME = AppIcon;
				INFOPLIST_FILE = Bc2Ride/Info.plist;
				LD_RUNPATH_SEARCH_PATHS = "$(inherited) @executable_path/Frameworks";
				PRODUCT_BUNDLE_IDENTIFIER = WillWang.Bc2Ride;
				PRODUCT_NAME = "$(TARGET_NAME)";
			};
			name = Debug;
		};
		BE7B192C1D81D70B00A0F2B6 /* Release */ = {
			isa = XCBuildConfiguration;
			buildSettings = {
				ASSETCATALOG_COMPILER_APPICON_NAME = AppIcon;
				INFOPLIST_FILE = Bc2Ride/Info.plist;
				LD_RUNPATH_SEARCH_PATHS = "$(inherited) @executable_path/Frameworks";
				PRODUCT_BUNDLE_IDENTIFIER = WillWang.Bc2Ride;
				PRODUCT_NAME = "$(TARGET_NAME)";
			};
			name = Release;
		};
/* End XCBuildConfiguration section */

/* Begin XCConfigurationList section */
		BE7B19131D81D70B00A0F2B6 /* Build configuration list for PBXProject "Bc2Ride" */ = {
			isa = XCConfigurationList;
			buildConfigurations = (
				BE7B19281D81D70B00A0F2B6 /* Debug */,
				BE7B19291D81D70B00A0F2B6 /* Release */,
			);
			defaultConfigurationIsVisible = 0;
			defaultConfigurationName = Release;
		};
		BE7B192A1D81D70B00A0F2B6 /* Build configuration list for PBXNativeTarget "Bc2Ride" */ = {
			isa = XCConfigurationList;
			buildConfigurations = (
				BE7B192B1D81D70B00A0F2B6 /* Debug */,
				BE7B192C1D81D70B00A0F2B6 /* Release */,
			);
			defaultConfigurationIsVisible = 0;
			defaultConfigurationName = Release;
		};
/* End XCConfigurationList section */
	};
	rootObject = BE7B19101D81D70B00A0F2B6 /* Project object */;
}
